{
  "meteor": {},
  "dependencies": {
    "basePackages": {
      "electrostatic": {
        "version": "0.1.4"
      }
    },
    "packages": {
      "electrostatic": {
        "git": "https://github.com/CodeAdventure/meteor-electrostatic.git",
        "tag": "v0.1.4",
        "commit": "0827c631f29fb2670df24335ac8f7e96562b3d97"
      }
    }
  }
}
