{
  "meteor": {},
  "dependencies": {
    "basePackages": {
      "electrostatic": {
        "version": "0.1.2"
      }
    },
    "packages": {
      "electrostatic": {
        "git": "https://github.com/CodeAdventure/meteor-electrostatic.git",
        "tag": "v0.1.2",
        "commit": "b62dda1b863345eb11fd8086a423eea9eef15740"
      }
    }
  }
}
